// !$*UTF8*$!
{
	archiveVersion = 1;
	classes = {
	};
	objectVersion = 56;
	objects = {

/* Begin PBXBuildFile section */
		672E39632BD1D5650002F179 /* ContactViewModel.swift in Sources */ = {isa = PBXBuildFile; fileRef = 672E39622BD1D5650002F179 /* ContactViewModel.swift */; };
		672E39682BD1D6B70002F179 /* FirebaseAnalytics in Frameworks */ = {isa = PBXBuildFile; productRef = 672E39672BD1D6B70002F179 /* FirebaseAnalytics */; };
		672E396A2BD1D6B70002F179 /* FirebaseAnalyticsSwift in Frameworks */ = {isa = PBXBuildFile; productRef = 672E39692BD1D6B70002F179 /* FirebaseAnalyticsSwift */; };
		672E396C2BD1D6ED0002F179 /* FirebaseFirestore in Frameworks */ = {isa = PBXBuildFile; productRef = 672E396B2BD1D6ED0002F179 /* FirebaseFirestore */; };
		672E396E2BD1D6ED0002F179 /* FirebaseFirestoreSwift in Frameworks */ = {isa = PBXBuildFile; productRef = 672E396D2BD1D6ED0002F179 /* FirebaseFirestoreSwift */; };
		672E39742BD1DEFE0002F179 /* GoogleService-Info.plist in Resources */ = {isa = PBXBuildFile; fileRef = 672E39732BD1DEFE0002F179 /* GoogleService-Info.plist */; };
		672E39762BD1E6DE0002F179 /* FirebaseAuth in Frameworks */ = {isa = PBXBuildFile; productRef = 672E39752BD1E6DE0002F179 /* FirebaseAuth */; };
		674480B02BC5FCE80031301D /* Profile.swift in Sources */ = {isa = PBXBuildFile; fileRef = 674480AF2BC5FCE80031301D /* Profile.swift */; };
		674480B22BC5FDE20031301D /* HomePage.swift in Sources */ = {isa = PBXBuildFile; fileRef = 674480B12BC5FDE20031301D /* HomePage.swift */; };
		67F44FF92BBF699900DD274E /* BotonDeAyudaIOSApp.swift in Sources */ = {isa = PBXBuildFile; fileRef = 67F44FF82BBF699900DD274E /* BotonDeAyudaIOSApp.swift */; };
		67F44FFB2BBF699900DD274E /* ContentView.swift in Sources */ = {isa = PBXBuildFile; fileRef = 67F44FFA2BBF699900DD274E /* ContentView.swift */; };
		67F44FFD2BBF699D00DD274E /* Assets.xcassets in Resources */ = {isa = PBXBuildFile; fileRef = 67F44FFC2BBF699D00DD274E /* Assets.xcassets */; };
		67F450002BBF699D00DD274E /* Preview Assets.xcassets in Resources */ = {isa = PBXBuildFile; fileRef = 67F44FFF2BBF699D00DD274E /* Preview Assets.xcassets */; };
		67F4500A2BBF699D00DD274E /* BotonDeAyudaIOSTests.swift in Sources */ = {isa = PBXBuildFile; fileRef = 67F450092BBF699D00DD274E /* BotonDeAyudaIOSTests.swift */; };
		67F450142BBF699D00DD274E /* BotonDeAyudaIOSUITests.swift in Sources */ = {isa = PBXBuildFile; fileRef = 67F450132BBF699D00DD274E /* BotonDeAyudaIOSUITests.swift */; };
		67F450162BBF699D00DD274E /* BotonDeAyudaIOSUITestsLaunchTests.swift in Sources */ = {isa = PBXBuildFile; fileRef = 67F450152BBF699D00DD274E /* BotonDeAyudaIOSUITestsLaunchTests.swift */; };
/* End PBXBuildFile section */

/* Begin PBXContainerItemProxy section */
		67F450062BBF699D00DD274E /* PBXContainerItemProxy */ = {
			isa = PBXContainerItemProxy;
			containerPortal = 67F44FED2BBF699900DD274E /* Project object */;
			proxyType = 1;
			remoteGlobalIDString = 67F44FF42BBF699900DD274E;
			remoteInfo = BotonDeAyudaIOS;
		};
		67F450102BBF699D00DD274E /* PBXContainerItemProxy */ = {
			isa = PBXContainerItemProxy;
			containerPortal = 67F44FED2BBF699900DD274E /* Project object */;
			proxyType = 1;
			remoteGlobalIDString = 67F44FF42BBF699900DD274E;
			remoteInfo = BotonDeAyudaIOS;
		};
/* End PBXContainerItemProxy section */

/* Begin PBXFileReference section */
		672E39622BD1D5650002F179 /* ContactViewModel.swift */ = {isa = PBXFileReference; lastKnownFileType = sourcecode.swift; path = ContactViewModel.swift; sourceTree = "<group>"; };
		672E39732BD1DEFE0002F179 /* GoogleService-Info.plist */ = {isa = PBXFileReference; fileEncoding = 4; lastKnownFileType = text.plist.xml; path = "GoogleService-Info.plist"; sourceTree = "<group>"; };
		674480AF2BC5FCE80031301D /* Profile.swift */ = {isa = PBXFileReference; lastKnownFileType = sourcecode.swift; path = Profile.swift; sourceTree = "<group>"; };
		674480B12BC5FDE20031301D /* HomePage.swift */ = {isa = PBXFileReference; lastKnownFileType = sourcecode.swift; path = HomePage.swift; sourceTree = "<group>"; };
		67F44FF52BBF699900DD274E /* BotonDeAyudaIOS.app */ = {isa = PBXFileReference; explicitFileType = wrapper.application; includeInIndex = 0; path = BotonDeAyudaIOS.app; sourceTree = BUILT_PRODUCTS_DIR; };
		67F44FF82BBF699900DD274E /* BotonDeAyudaIOSApp.swift */ = {isa = PBXFileReference; lastKnownFileType = sourcecode.swift; path = BotonDeAyudaIOSApp.swift; sourceTree = "<group>"; };
		67F44FFA2BBF699900DD274E /* ContentView.swift */ = {isa = PBXFileReference; lastKnownFileType = sourcecode.swift; path = ContentView.swift; sourceTree = "<group>"; };
		67F44FFC2BBF699D00DD274E /* Assets.xcassets */ = {isa = PBXFileReference; lastKnownFileType = folder.assetcatalog; path = Assets.xcassets; sourceTree = "<group>"; };
		67F44FFF2BBF699D00DD274E /* Preview Assets.xcassets */ = {isa = PBXFileReference; lastKnownFileType = folder.assetcatalog; path = "Preview Assets.xcassets"; sourceTree = "<group>"; };
		67F450052BBF699D00DD274E /* BotonDeAyudaIOSTests.xctest */ = {isa = PBXFileReference; explicitFileType = wrapper.cfbundle; includeInIndex = 0; path = BotonDeAyudaIOSTests.xctest; sourceTree = BUILT_PRODUCTS_DIR; };
		67F450092BBF699D00DD274E /* BotonDeAyudaIOSTests.swift */ = {isa = PBXFileReference; lastKnownFileType = sourcecode.swift; path = BotonDeAyudaIOSTests.swift; sourceTree = "<group>"; };
		67F4500F2BBF699D00DD274E /* BotonDeAyudaIOSUITests.xctest */ = {isa = PBXFileReference; explicitFileType = wrapper.cfbundle; includeInIndex = 0; path = BotonDeAyudaIOSUITests.xctest; sourceTree = BUILT_PRODUCTS_DIR; };
		67F450132BBF699D00DD274E /* BotonDeAyudaIOSUITests.swift */ = {isa = PBXFileReference; lastKnownFileType = sourcecode.swift; path = BotonDeAyudaIOSUITests.swift; sourceTree = "<group>"; };
		67F450152BBF699D00DD274E /* BotonDeAyudaIOSUITestsLaunchTests.swift */ = {isa = PBXFileReference; lastKnownFileType = sourcecode.swift; path = BotonDeAyudaIOSUITestsLaunchTests.swift; sourceTree = "<group>"; };
/* End PBXFileReference section */

/* Begin PBXFrameworksBuildPhase section */
		67F44FF22BBF699900DD274E /* Frameworks */ = {
			isa = PBXFrameworksBuildPhase;
			buildActionMask = 2147483647;
			files = (
				672E396A2BD1D6B70002F179 /* FirebaseAnalyticsSwift in Frameworks */,
				672E39762BD1E6DE0002F179 /* FirebaseAuth in Frameworks */,
				672E39682BD1D6B70002F179 /* FirebaseAnalytics in Frameworks */,
				672E396C2BD1D6ED0002F179 /* FirebaseFirestore in Frameworks */,
				672E396E2BD1D6ED0002F179 /* FirebaseFirestoreSwift in Frameworks */,
			);
			runOnlyForDeploymentPostprocessing = 0;
		};
		67F450022BBF699D00DD274E /* Frameworks */ = {
			isa = PBXFrameworksBuildPhase;
			buildActionMask = 2147483647;
			files = (
			);
			runOnlyForDeploymentPostprocessing = 0;
		};
		67F4500C2BBF699D00DD274E /* Frameworks */ = {
			isa = PBXFrameworksBuildPhase;
			buildActionMask = 2147483647;
			files = (
			);
			runOnlyForDeploymentPostprocessing = 0;
		};
/* End PBXFrameworksBuildPhase section */

/* Begin PBXGroup section */
		67F44FEC2BBF699900DD274E = {
			isa = PBXGroup;
			children = (
				67F44FF72BBF699900DD274E /* BotonDeAyudaIOS */,
				67F450082BBF699D00DD274E /* BotonDeAyudaIOSTests */,
				67F450122BBF699D00DD274E /* BotonDeAyudaIOSUITests */,
				67F44FF62BBF699900DD274E /* Products */,
			);
			sourceTree = "<group>";
		};
		67F44FF62BBF699900DD274E /* Products */ = {
			isa = PBXGroup;
			children = (
				67F44FF52BBF699900DD274E /* BotonDeAyudaIOS.app */,
				67F450052BBF699D00DD274E /* BotonDeAyudaIOSTests.xctest */,
				67F4500F2BBF699D00DD274E /* BotonDeAyudaIOSUITests.xctest */,
			);
			name = Products;
			sourceTree = "<group>";
		};
		67F44FF72BBF699900DD274E /* BotonDeAyudaIOS */ = {
			isa = PBXGroup;
			children = (
				672E39732BD1DEFE0002F179 /* GoogleService-Info.plist */,
				67F44FF82BBF699900DD274E /* BotonDeAyudaIOSApp.swift */,
				674480B12BC5FDE20031301D /* HomePage.swift */,
				67F44FFA2BBF699900DD274E /* ContentView.swift */,
				674480AF2BC5FCE80031301D /* Profile.swift */,
				67F44FFC2BBF699D00DD274E /* Assets.xcassets */,
				67F44FFE2BBF699D00DD274E /* Preview Content */,
				672E39622BD1D5650002F179 /* ContactViewModel.swift */,
			);
			path = BotonDeAyudaIOS;
			sourceTree = "<group>";
		};
		67F44FFE2BBF699D00DD274E /* Preview Content */ = {
			isa = PBXGroup;
			children = (
				67F44FFF2BBF699D00DD274E /* Preview Assets.xcassets */,
			);
			path = "Preview Content";
			sourceTree = "<group>";
		};
		67F450082BBF699D00DD274E /* BotonDeAyudaIOSTests */ = {
			isa = PBXGroup;
			children = (
				67F450092BBF699D00DD274E /* BotonDeAyudaIOSTests.swift */,
			);
			path = BotonDeAyudaIOSTests;
			sourceTree = "<group>";
		};
		67F450122BBF699D00DD274E /* BotonDeAyudaIOSUITests */ = {
			isa = PBXGroup;
			children = (
				67F450132BBF699D00DD274E /* BotonDeAyudaIOSUITests.swift */,
				67F450152BBF699D00DD274E /* BotonDeAyudaIOSUITestsLaunchTests.swift */,
			);
			path = BotonDeAyudaIOSUITests;
			sourceTree = "<group>";
		};
/* End PBXGroup section */

/* Begin PBXNativeTarget section */
		67F44FF42BBF699900DD274E /* BotonDeAyudaIOS */ = {
			isa = PBXNativeTarget;
			buildConfigurationList = 67F450192BBF699D00DD274E /* Build configuration list for PBXNativeTarget "BotonDeAyudaIOS" */;
			buildPhases = (
				67F44FF12BBF699900DD274E /* Sources */,
				67F44FF22BBF699900DD274E /* Frameworks */,
				67F44FF32BBF699900DD274E /* Resources */,
			);
			buildRules = (
			);
			dependencies = (
			);
			name = BotonDeAyudaIOS;
			packageProductDependencies = (
				672E39672BD1D6B70002F179 /* FirebaseAnalytics */,
				672E39692BD1D6B70002F179 /* FirebaseAnalyticsSwift */,
				672E396B2BD1D6ED0002F179 /* FirebaseFirestore */,
				672E396D2BD1D6ED0002F179 /* FirebaseFirestoreSwift */,
				672E39752BD1E6DE0002F179 /* FirebaseAuth */,
			);
			productName = BotonDeAyudaIOS;
			productReference = 67F44FF52BBF699900DD274E /* BotonDeAyudaIOS.app */;
			productType = "com.apple.product-type.application";
		};
		67F450042BBF699D00DD274E /* BotonDeAyudaIOSTests */ = {
			isa = PBXNativeTarget;
			buildConfigurationList = 67F4501C2BBF699D00DD274E /* Build configuration list for PBXNativeTarget "BotonDeAyudaIOSTests" */;
			buildPhases = (
				67F450012BBF699D00DD274E /* Sources */,
				67F450022BBF699D00DD274E /* Frameworks */,
				67F450032BBF699D00DD274E /* Resources */,
			);
			buildRules = (
			);
			dependencies = (
				67F450072BBF699D00DD274E /* PBXTargetDependency */,
			);
			name = BotonDeAyudaIOSTests;
			productName = BotonDeAyudaIOSTests;
			productReference = 67F450052BBF699D00DD274E /* BotonDeAyudaIOSTests.xctest */;
			productType = "com.apple.product-type.bundle.unit-test";
		};
		67F4500E2BBF699D00DD274E /* BotonDeAyudaIOSUITests */ = {
			isa = PBXNativeTarget;
			buildConfigurationList = 67F4501F2BBF699D00DD274E /* Build configuration list for PBXNativeTarget "BotonDeAyudaIOSUITests" */;
			buildPhases = (
				67F4500B2BBF699D00DD274E /* Sources */,
				67F4500C2BBF699D00DD274E /* Frameworks */,
				67F4500D2BBF699D00DD274E /* Resources */,
			);
			buildRules = (
			);
			dependencies = (
				67F450112BBF699D00DD274E /* PBXTargetDependency */,
			);
			name = BotonDeAyudaIOSUITests;
			productName = BotonDeAyudaIOSUITests;
			productReference = 67F4500F2BBF699D00DD274E /* BotonDeAyudaIOSUITests.xctest */;
			productType = "com.apple.product-type.bundle.ui-testing";
		};
/* End PBXNativeTarget section */

/* Begin PBXProject section */
		67F44FED2BBF699900DD274E /* Project object */ = {
			isa = PBXProject;
			attributes = {
				BuildIndependentTargetsInParallel = 1;
				LastSwiftUpdateCheck = 1520;
				LastUpgradeCheck = 1520;
				TargetAttributes = {
					67F44FF42BBF699900DD274E = {
						CreatedOnToolsVersion = 15.2;
					};
					67F450042BBF699D00DD274E = {
						CreatedOnToolsVersion = 15.2;
						TestTargetID = 67F44FF42BBF699900DD274E;
					};
					67F4500E2BBF699D00DD274E = {
						CreatedOnToolsVersion = 15.2;
						TestTargetID = 67F44FF42BBF699900DD274E;
					};
				};
			};
			buildConfigurationList = 67F44FF02BBF699900DD274E /* Build configuration list for PBXProject "BotonDeAyudaIOS" */;
			compatibilityVersion = "Xcode 14.0";
			developmentRegion = en;
			hasScannedForEncodings = 0;
			knownRegions = (
				en,
				Base,
			);
			mainGroup = 67F44FEC2BBF699900DD274E;
			packageReferences = (
				672E39662BD1D6B70002F179 /* XCRemoteSwiftPackageReference "firebase-ios-sdk" */,
			);
			productRefGroup = 67F44FF62BBF699900DD274E /* Products */;
			projectDirPath = "";
			projectRoot = "";
			targets = (
				67F44FF42BBF699900DD274E /* BotonDeAyudaIOS */,
				67F450042BBF699D00DD274E /* BotonDeAyudaIOSTests */,
				67F4500E2BBF699D00DD274E /* BotonDeAyudaIOSUITests */,
			);
		};
/* End PBXProject section */

/* Begin PBXResourcesBuildPhase section */
		67F44FF32BBF699900DD274E /* Resources */ = {
			isa = PBXResourcesBuildPhase;
			buildActionMask = 2147483647;
			files = (
				67F450002BBF699D00DD274E /* Preview Assets.xcassets in Resources */,
				67F44FFD2BBF699D00DD274E /* Assets.xcassets in Resources */,
				672E39742BD1DEFE0002F179 /* GoogleService-Info.plist in Resources */,
			);
			runOnlyForDeploymentPostprocessing = 0;
		};
		67F450032BBF699D00DD274E /* Resources */ = {
			isa = PBXResourcesBuildPhase;
			buildActionMask = 2147483647;
			files = (
			);
			runOnlyForDeploymentPostprocessing = 0;
		};
		67F4500D2BBF699D00DD274E /* Resources */ = {
			isa = PBXResourcesBuildPhase;
			buildActionMask = 2147483647;
			files = (
			);
			runOnlyForDeploymentPostprocessing = 0;
		};
/* End PBXResourcesBuildPhase section */

/* Begin PBXSourcesBuildPhase section */
		67F44FF12BBF699900DD274E /* Sources */ = {
			isa = PBXSourcesBuildPhase;
			buildActionMask = 2147483647;
			files = (
				67F44FFB2BBF699900DD274E /* ContentView.swift in Sources */,
				674480B02BC5FCE80031301D /* Profile.swift in Sources */,
				672E39632BD1D5650002F179 /* ContactViewModel.swift in Sources */,
				67F44FF92BBF699900DD274E /* BotonDeAyudaIOSApp.swift in Sources */,
				674480B22BC5FDE20031301D /* HomePage.swift in Sources */,
			);
			runOnlyForDeploymentPostprocessing = 0;
		};
		67F450012BBF699D00DD274E /* Sources */ = {
			isa = PBXSourcesBuildPhase;
			buildActionMask = 2147483647;
			files = (
				67F4500A2BBF699D00DD274E /* BotonDeAyudaIOSTests.swift in Sources */,
			);
			runOnlyForDeploymentPostprocessing = 0;
		};
		67F4500B2BBF699D00DD274E /* Sources */ = {
			isa = PBXSourcesBuildPhase;
			buildActionMask = 2147483647;
			files = (
				67F450142BBF699D00DD274E /* BotonDeAyudaIOSUITests.swift in Sources */,
				67F450162BBF699D00DD274E /* BotonDeAyudaIOSUITestsLaunchTests.swift in Sources */,
			);
			runOnlyForDeploymentPostprocessing = 0;
		};
/* End PBXSourcesBuildPhase section */

/* Begin PBXTargetDependency section */
		67F450072BBF699D00DD274E /* PBXTargetDependency */ = {
			isa = PBXTargetDependency;
			target = 67F44FF42BBF699900DD274E /* BotonDeAyudaIOS */;
			targetProxy = 67F450062BBF699D00DD274E /* PBXContainerItemProxy */;
		};
		67F450112BBF699D00DD274E /* PBXTargetDependency */ = {
			isa = PBXTargetDependency;
			target = 67F44FF42BBF699900DD274E /* BotonDeAyudaIOS */;
			targetProxy = 67F450102BBF699D00DD274E /* PBXContainerItemProxy */;
		};
/* End PBXTargetDependency section */

/* Begin XCBuildConfiguration section */
		67F450172BBF699D00DD274E /* Debug */ = {
			isa = XCBuildConfiguration;
			buildSettings = {
				ALWAYS_SEARCH_USER_PATHS = NO;
				ASSETCATALOG_COMPILER_GENERATE_SWIFT_ASSET_SYMBOL_EXTENSIONS = YES;
				CLANG_ANALYZER_NONNULL = YES;
				CLANG_ANALYZER_NUMBER_OBJECT_CONVERSION = YES_AGGRESSIVE;
				CLANG_CXX_LANGUAGE_STANDARD = "gnu++20";
				CLANG_ENABLE_MODULES = YES;
				CLANG_ENABLE_OBJC_ARC = YES;
				CLANG_ENABLE_OBJC_WEAK = YES;
				CLANG_WARN_BLOCK_CAPTURE_AUTORELEASING = YES;
				CLANG_WARN_BOOL_CONVERSION = YES;
				CLANG_WARN_COMMA = YES;
				CLANG_WARN_CONSTANT_CONVERSION = YES;
				CLANG_WARN_DEPRECATED_OBJC_IMPLEMENTATIONS = YES;
				CLANG_WARN_DIRECT_OBJC_ISA_USAGE = YES_ERROR;
				CLANG_WARN_DOCUMENTATION_COMMENTS = YES;
				CLANG_WARN_EMPTY_BODY = YES;
				CLANG_WARN_ENUM_CONVERSION = YES;
				CLANG_WARN_INFINITE_RECURSION = YES;
				CLANG_WARN_INT_CONVERSION = YES;
				CLANG_WARN_NON_LITERAL_NULL_CONVERSION = YES;
				CLANG_WARN_OBJC_IMPLICIT_RETAIN_SELF = YES;
				CLANG_WARN_OBJC_LITERAL_CONVERSION = YES;
				CLANG_WARN_OBJC_ROOT_CLASS = YES_ERROR;
				CLANG_WARN_QUOTED_INCLUDE_IN_FRAMEWORK_HEADER = YES;
				CLANG_WARN_RANGE_LOOP_ANALYSIS = YES;
				CLANG_WARN_STRICT_PROTOTYPES = YES;
				CLANG_WARN_SUSPICIOUS_MOVE = YES;
				CLANG_WARN_UNGUARDED_AVAILABILITY = YES_AGGRESSIVE;
				CLANG_WARN_UNREACHABLE_CODE = YES;
				CLANG_WARN__DUPLICATE_METHOD_MATCH = YES;
				COPY_PHASE_STRIP = NO;
				DEBUG_INFORMATION_FORMAT = dwarf;
				ENABLE_STRICT_OBJC_MSGSEND = YES;
				ENABLE_TESTABILITY = YES;
				ENABLE_USER_SCRIPT_SANDBOXING = YES;
				GCC_C_LANGUAGE_STANDARD = gnu17;
				GCC_DYNAMIC_NO_PIC = NO;
				GCC_NO_COMMON_BLOCKS = YES;
				GCC_OPTIMIZATION_LEVEL = 0;
				GCC_PREPROCESSOR_DEFINITIONS = (
					"DEBUG=1",
					"$(inherited)",
				);
				GCC_WARN_64_TO_32_BIT_CONVERSION = YES;
				GCC_WARN_ABOUT_RETURN_TYPE = YES_ERROR;
				GCC_WARN_UNDECLARED_SELECTOR = YES;
				GCC_WARN_UNINITIALIZED_AUTOS = YES_AGGRESSIVE;
				GCC_WARN_UNUSED_FUNCTION = YES;
				GCC_WARN_UNUSED_VARIABLE = YES;
				IPHONEOS_DEPLOYMENT_TARGET = 17.2;
				LOCALIZATION_PREFERS_STRING_CATALOGS = YES;
				MTL_ENABLE_DEBUG_INFO = INCLUDE_SOURCE;
				MTL_FAST_MATH = YES;
				ONLY_ACTIVE_ARCH = YES;
				SDKROOT = iphoneos;
				SWIFT_ACTIVE_COMPILATION_CONDITIONS = "DEBUG $(inherited)";
				SWIFT_OPTIMIZATION_LEVEL = "-Onone";
			};
			name = Debug;
		};
		67F450182BBF699D00DD274E /* Release */ = {
			isa = XCBuildConfiguration;
			buildSettings = {
				ALWAYS_SEARCH_USER_PATHS = NO;
				ASSETCATALOG_COMPILER_GENERATE_SWIFT_ASSET_SYMBOL_EXTENSIONS = YES;
				CLANG_ANALYZER_NONNULL = YES;
				CLANG_ANALYZER_NUMBER_OBJECT_CONVERSION = YES_AGGRESSIVE;
				CLANG_CXX_LANGUAGE_STANDARD = "gnu++20";
				CLANG_ENABLE_MODULES = YES;
				CLANG_ENABLE_OBJC_ARC = YES;
				CLANG_ENABLE_OBJC_WEAK = YES;
				CLANG_WARN_BLOCK_CAPTURE_AUTORELEASING = YES;
				CLANG_WARN_BOOL_CONVERSION = YES;
				CLANG_WARN_COMMA = YES;
				CLANG_WARN_CONSTANT_CONVERSION = YES;
				CLANG_WARN_DEPRECATED_OBJC_IMPLEMENTATIONS = YES;
				CLANG_WARN_DIRECT_OBJC_ISA_USAGE = YES_ERROR;
				CLANG_WARN_DOCUMENTATION_COMMENTS = YES;
				CLANG_WARN_EMPTY_BODY = YES;
				CLANG_WARN_ENUM_CONVERSION = YES;
				CLANG_WARN_INFINITE_RECURSION = YES;
				CLANG_WARN_INT_CONVERSION = YES;
				CLANG_WARN_NON_LITERAL_NULL_CONVERSION = YES;
				CLANG_WARN_OBJC_IMPLICIT_RETAIN_SELF = YES;
				CLANG_WARN_OBJC_LITERAL_CONVERSION = YES;
				CLANG_WARN_OBJC_ROOT_CLASS = YES_ERROR;
				CLANG_WARN_QUOTED_INCLUDE_IN_FRAMEWORK_HEADER = YES;
				CLANG_WARN_RANGE_LOOP_ANALYSIS = YES;
				CLANG_WARN_STRICT_PROTOTYPES = YES;
				CLANG_WARN_SUSPICIOUS_MOVE = YES;
				CLANG_WARN_UNGUARDED_AVAILABILITY = YES_AGGRESSIVE;
				CLANG_WARN_UNREACHABLE_CODE = YES;
				CLANG_WARN__DUPLICATE_METHOD_MATCH = YES;
				COPY_PHASE_STRIP = NO;
				DEBUG_INFORMATION_FORMAT = "dwarf-with-dsym";
				ENABLE_NS_ASSERTIONS = NO;
				ENABLE_STRICT_OBJC_MSGSEND = YES;
				ENABLE_USER_SCRIPT_SANDBOXING = YES;
				GCC_C_LANGUAGE_STANDARD = gnu17;
				GCC_NO_COMMON_BLOCKS = YES;
				GCC_WARN_64_TO_32_BIT_CONVERSION = YES;
				GCC_WARN_ABOUT_RETURN_TYPE = YES_ERROR;
				GCC_WARN_UNDECLARED_SELECTOR = YES;
				GCC_WARN_UNINITIALIZED_AUTOS = YES_AGGRESSIVE;
				GCC_WARN_UNUSED_FUNCTION = YES;
				GCC_WARN_UNUSED_VARIABLE = YES;
				IPHONEOS_DEPLOYMENT_TARGET = 17.2;
				LOCALIZATION_PREFERS_STRING_CATALOGS = YES;
				MTL_ENABLE_DEBUG_INFO = NO;
				MTL_FAST_MATH = YES;
				SDKROOT = iphoneos;
				SWIFT_COMPILATION_MODE = wholemodule;
				VALIDATE_PRODUCT = YES;
			};
			name = Release;
		};
		67F4501A2BBF699D00DD274E /* Debug */ = {
			isa = XCBuildConfiguration;
			buildSettings = {
				ASSETCATALOG_COMPILER_APPICON_NAME = AppIcon;
				ASSETCATALOG_COMPILER_GLOBAL_ACCENT_COLOR_NAME = AccentColor;
				CODE_SIGN_STYLE = Automatic;
				CURRENT_PROJECT_VERSION = 1;
				DEVELOPMENT_ASSET_PATHS = "\"BotonDeAyudaIOS/Preview Content\"";
				DEVELOPMENT_TEAM = F9V9M28QC4;
				ENABLE_PREVIEWS = YES;
				GENERATE_INFOPLIST_FILE = YES;
				INFOPLIST_KEY_UIApplicationSceneManifest_Generation = YES;
				INFOPLIST_KEY_UIApplicationSupportsIndirectInputEvents = YES;
				INFOPLIST_KEY_UILaunchScreen_Generation = YES;
				INFOPLIST_KEY_UISupportedInterfaceOrientations_iPad = "UIInterfaceOrientationPortrait UIInterfaceOrientationPortraitUpsideDown UIInterfaceOrientationLandscapeLeft UIInterfaceOrientationLandscapeRight";
				INFOPLIST_KEY_UISupportedInterfaceOrientations_iPhone = "UIInterfaceOrientationPortrait UIInterfaceOrientationLandscapeLeft UIInterfaceOrientationLandscapeRight";
				LD_RUNPATH_SEARCH_PATHS = (
					"$(inherited)",
					"@executable_path/Frameworks",
				);
				MARKETING_VERSION = 1.0;
				PRODUCT_BUNDLE_IDENTIFIER = Cabral.BotonDeAyudaIOS;
				PRODUCT_NAME = "$(TARGET_NAME)";
				SWIFT_EMIT_LOC_STRINGS = YES;
				SWIFT_VERSION = 5.0;
				TARGETED_DEVICE_FAMILY = "1,2";
			};
			name = Debug;
		};
		67F4501B2BBF699D00DD274E /* Release */ = {
			isa = XCBuildConfiguration;
			buildSettings = {
				ASSETCATALOG_COMPILER_APPICON_NAME = AppIcon;
				ASSETCATALOG_COMPILER_GLOBAL_ACCENT_COLOR_NAME = AccentColor;
				CODE_SIGN_STYLE = Automatic;
				CURRENT_PROJECT_VERSION = 1;
				DEVELOPMENT_ASSET_PATHS = "\"BotonDeAyudaIOS/Preview Content\"";
				DEVELOPMENT_TEAM = F9V9M28QC4;
				ENABLE_PREVIEWS = YES;
				GENERATE_INFOPLIST_FILE = YES;
				INFOPLIST_KEY_UIApplicationSceneManifest_Generation = YES;
				INFOPLIST_KEY_UIApplicationSupportsIndirectInputEvents = YES;
				INFOPLIST_KEY_UILaunchScreen_Generation = YES;
				INFOPLIST_KEY_UISupportedInterfaceOrientations_iPad = "UIInterfaceOrientationPortrait UIInterfaceOrientationPortraitUpsideDown UIInterfaceOrientationLandscapeLeft UIInterfaceOrientationLandscapeRight";
				INFOPLIST_KEY_UISupportedInterfaceOrientations_iPhone = "UIInterfaceOrientationPortrait UIInterfaceOrientationLandscapeLeft UIInterfaceOrientationLandscapeRight";
				LD_RUNPATH_SEARCH_PATHS = (
					"$(inherited)",
					"@executable_path/Frameworks",
				);
				MARKETING_VERSION = 1.0;
				PRODUCT_BUNDLE_IDENTIFIER = Cabral.BotonDeAyudaIOS;
				PRODUCT_NAME = "$(TARGET_NAME)";
				SWIFT_EMIT_LOC_STRINGS = YES;
				SWIFT_VERSION = 5.0;
				TARGETED_DEVICE_FAMILY = "1,2";
			};
			name = Release;
		};
		67F4501D2BBF699D00DD274E /* Debug */ = {
			isa = XCBuildConfiguration;
			buildSettings = {
				ALWAYS_EMBED_SWIFT_STANDARD_LIBRARIES = YES;
				BUNDLE_LOADER = "$(TEST_HOST)";
				CODE_SIGN_STYLE = Automatic;
				CURRENT_PROJECT_VERSION = 1;
				DEVELOPMENT_TEAM = F9V9M28QC4;
				GENERATE_INFOPLIST_FILE = YES;
				IPHONEOS_DEPLOYMENT_TARGET = 17.2;
				MARKETING_VERSION = 1.0;
				PRODUCT_BUNDLE_IDENTIFIER = Cabral.BotonDeAyudaIOSTests;
				PRODUCT_NAME = "$(TARGET_NAME)";
				SWIFT_EMIT_LOC_STRINGS = NO;
				SWIFT_VERSION = 5.0;
				TARGETED_DEVICE_FAMILY = "1,2";
				TEST_HOST = "$(BUILT_PRODUCTS_DIR)/BotonDeAyudaIOS.app/$(BUNDLE_EXECUTABLE_FOLDER_PATH)/BotonDeAyudaIOS";
			};
			name = Debug;
		};
		67F4501E2BBF699D00DD274E /* Release */ = {
			isa = XCBuildConfiguration;
			buildSettings = {
				ALWAYS_EMBED_SWIFT_STANDARD_LIBRARIES = YES;
				BUNDLE_LOADER = "$(TEST_HOST)";
				CODE_SIGN_STYLE = Automatic;
				CURRENT_PROJECT_VERSION = 1;
				DEVELOPMENT_TEAM = F9V9M28QC4;
				GENERATE_INFOPLIST_FILE = YES;
				IPHONEOS_DEPLOYMENT_TARGET = 17.2;
				MARKETING_VERSION = 1.0;
				PRODUCT_BUNDLE_IDENTIFIER = Cabral.BotonDeAyudaIOSTests;
				PRODUCT_NAME = "$(TARGET_NAME)";
				SWIFT_EMIT_LOC_STRINGS = NO;
				SWIFT_VERSION = 5.0;
				TARGETED_DEVICE_FAMILY = "1,2";
				TEST_HOST = "$(BUILT_PRODUCTS_DIR)/BotonDeAyudaIOS.app/$(BUNDLE_EXECUTABLE_FOLDER_PATH)/BotonDeAyudaIOS";
			};
			name = Release;
		};
		67F450202BBF699D00DD274E /* Debug */ = {
			isa = XCBuildConfiguration;
			buildSettings = {
				ALWAYS_EMBED_SWIFT_STANDARD_LIBRARIES = YES;
				CODE_SIGN_STYLE = Automatic;
				CURRENT_PROJECT_VERSION = 1;
				DEVELOPMENT_TEAM = F9V9M28QC4;
				GENERATE_INFOPLIST_FILE = YES;
				MARKETING_VERSION = 1.0;
				PRODUCT_BUNDLE_IDENTIFIER = Cabral.BotonDeAyudaIOSUITests;
				PRODUCT_NAME = "$(TARGET_NAME)";
				SWIFT_EMIT_LOC_STRINGS = NO;
				SWIFT_VERSION = 5.0;
				TARGETED_DEVICE_FAMILY = "1,2";
				TEST_TARGET_NAME = BotonDeAyudaIOS;
			};
			name = Debug;
		};
		67F450212BBF699D00DD274E /* Release */ = {
			isa = XCBuildConfiguration;
			buildSettings = {
				ALWAYS_EMBED_SWIFT_STANDARD_LIBRARIES = YES;
				CODE_SIGN_STYLE = Automatic;
				CURRENT_PROJECT_VERSION = 1;
				DEVELOPMENT_TEAM = F9V9M28QC4;
				GENERATE_INFOPLIST_FILE = YES;
				MARKETING_VERSION = 1.0;
				PRODUCT_BUNDLE_IDENTIFIER = Cabral.BotonDeAyudaIOSUITests;
				PRODUCT_NAME = "$(TARGET_NAME)";
				SWIFT_EMIT_LOC_STRINGS = NO;
				SWIFT_VERSION = 5.0;
				TARGETED_DEVICE_FAMILY = "1,2";
				TEST_TARGET_NAME = BotonDeAyudaIOS;
			};
			name = Release;
		};
/* End XCBuildConfiguration section */

/* Begin XCConfigurationList section */
		67F44FF02BBF699900DD274E /* Build configuration list for PBXProject "BotonDeAyudaIOS" */ = {
			isa = XCConfigurationList;
			buildConfigurations = (
				67F450172BBF699D00DD274E /* Debug */,
				67F450182BBF699D00DD274E /* Release */,
			);
			defaultConfigurationIsVisible = 0;
			defaultConfigurationName = Release;
		};
		67F450192BBF699D00DD274E /* Build configuration list for PBXNativeTarget "BotonDeAyudaIOS" */ = {
			isa = XCConfigurationList;
			buildConfigurations = (
				67F4501A2BBF699D00DD274E /* Debug */,
				67F4501B2BBF699D00DD274E /* Release */,
			);
			defaultConfigurationIsVisible = 0;
			defaultConfigurationName = Release;
		};
		67F4501C2BBF699D00DD274E /* Build configuration list for PBXNativeTarget "BotonDeAyudaIOSTests" */ = {
			isa = XCConfigurationList;
			buildConfigurations = (
				67F4501D2BBF699D00DD274E /* Debug */,
				67F4501E2BBF699D00DD274E /* Release */,
			);
			defaultConfigurationIsVisible = 0;
			defaultConfigurationName = Release;
		};
		67F4501F2BBF699D00DD274E /* Build configuration list for PBXNativeTarget "BotonDeAyudaIOSUITests" */ = {
			isa = XCConfigurationList;
			buildConfigurations = (
				67F450202BBF699D00DD274E /* Debug */,
				67F450212BBF699D00DD274E /* Release */,
			);
			defaultConfigurationIsVisible = 0;
			defaultConfigurationName = Release;
		};
/* End XCConfigurationList section */

/* Begin XCRemoteSwiftPackageReference section */
		672E39662BD1D6B70002F179 /* XCRemoteSwiftPackageReference "firebase-ios-sdk" */ = {
			isa = XCRemoteSwiftPackageReference;
			repositoryURL = "https://github.com/firebase/firebase-ios-sdk";
			requirement = {
				kind = upToNextMajorVersion;
				minimumVersion = 10.24.0;
			};
		};
/* End XCRemoteSwiftPackageReference section */

/* Begin XCSwiftPackageProductDependency section */
		672E39672BD1D6B70002F179 /* FirebaseAnalytics */ = {
			isa = XCSwiftPackageProductDependency;
			package = 672E39662BD1D6B70002F179 /* XCRemoteSwiftPackageReference "firebase-ios-sdk" */;
			productName = FirebaseAnalytics;
		};
		672E39692BD1D6B70002F179 /* FirebaseAnalyticsSwift */ = {
			isa = XCSwiftPackageProductDependency;
			package = 672E39662BD1D6B70002F179 /* XCRemoteSwiftPackageReference "firebase-ios-sdk" */;
			productName = FirebaseAnalyticsSwift;
		};
		672E396B2BD1D6ED0002F179 /* FirebaseFirestore */ = {
			isa = XCSwiftPackageProductDependency;
			package = 672E39662BD1D6B70002F179 /* XCRemoteSwiftPackageReference "firebase-ios-sdk" */;
			productName = FirebaseFirestore;
		};
		672E396D2BD1D6ED0002F179 /* FirebaseFirestoreSwift */ = {
			isa = XCSwiftPackageProductDependency;
			package = 672E39662BD1D6B70002F179 /* XCRemoteSwiftPackageReference "firebase-ios-sdk" */;
			productName = FirebaseFirestoreSwift;
		};
		672E39752BD1E6DE0002F179 /* FirebaseAuth */ = {
			isa = XCSwiftPackageProductDependency;
			package = 672E39662BD1D6B70002F179 /* XCRemoteSwiftPackageReference "firebase-ios-sdk" */;
			productName = FirebaseAuth;
		};
/* End XCSwiftPackageProductDependency section */
	};
	rootObject = 67F44FED2BBF699900DD274E /* Project object */;
}
